{
    "name": "@mkellsy/leap",
    "version": "1.2.7",
    "lockfileVersion": 3,
    "requires": true,
    "packages": {
        "": {
            "name": "@mkellsy/leap",
            "version": "1.2.7",
            "license": "MIT",
            "dependencies": {
                "@mkellsy/event-emitter": "^1.2.2",
                "uuid": "^9.0.1"
            },
            "devDependencies": {
                "@types/debug": "^4.1.12",
                "@types/jsbn": "^1.2.33",
                "@types/node": "^20.10.6",
                "@types/uuid": "^9.0.7",
                "typescript": "^5.3.3"
            }
        },
        "node_modules/@mkellsy/event-emitter": {
            "version": "1.2.2",
            "resolved": "https://registry.npmjs.org/@mkellsy/event-emitter/-/event-emitter-1.2.2.tgz",
            "integrity": "sha512-2lrvtobrNomGes/KG5kzP2NzrcTM6H6eJJrVe0FH86J8tkOb3zwhlI1GKI3pYX6aDwcyWU+kHhsZXj8r6MRhUw=="
        },
        "node_modules/@types/debug": {
            "version": "4.1.12",
            "resolved": "https://registry.npmjs.org/@types/debug/-/debug-4.1.12.tgz",
            "integrity": "sha512-vIChWdVG3LG1SMxEvI/AK+FWJthlrqlTu7fbrlywTkkaONwk/UAGaULXRlf8vkzFBLVm0zkMdCquhL5aOjhXPQ==",
            "dev": true,
            "dependencies": {
                "@types/ms": "*"
            }
        },
        "node_modules/@types/jsbn": {
            "version": "1.2.33",
            "resolved": "https://registry.npmjs.org/@types/jsbn/-/jsbn-1.2.33.tgz",
            "integrity": "sha512-ZlLkHfu8xqqVFSbCe1FSPtAMUs7LKxk7TPskMb+sI5IbuzqyVqIEt9SVaQfFD2vrFcQunqKAmEBOuBEkoNLw4g==",
            "dev": true
        },
        "node_modules/@types/ms": {
            "version": "0.7.34",
            "resolved": "https://registry.npmjs.org/@types/ms/-/ms-0.7.34.tgz",
            "integrity": "sha512-nG96G3Wp6acyAgJqGasjODb+acrI7KltPiRxzHPXnP3NgI28bpQDRv53olbqGXbfcgF5aiiHmO3xpwEpS5Ld9g==",
            "dev": true
        },
        "node_modules/@types/node": {
            "version": "20.10.6",
            "resolved": "https://registry.npmjs.org/@types/node/-/node-20.10.6.tgz",
            "integrity": "sha512-Vac8H+NlRNNlAmDfGUP7b5h/KA+AtWIzuXy0E6OyP8f1tCLYAtPvKRRDJjAPqhpCb0t6U2j7/xqAuLEebW2kiw==",
            "dev": true,
            "dependencies": {
                "undici-types": "~5.26.4"
            }
        },
        "node_modules/@types/uuid": {
            "version": "9.0.7",
            "resolved": "https://registry.npmjs.org/@types/uuid/-/uuid-9.0.7.tgz",
            "integrity": "sha512-WUtIVRUZ9i5dYXefDEAI7sh9/O7jGvHg7Df/5O/gtH3Yabe5odI3UWopVR1qbPXQtvOxWu3mM4XxlYeZtMWF4g==",
            "dev": true
        },
        "node_modules/typescript": {
            "version": "5.3.3",
            "resolved": "https://registry.npmjs.org/typescript/-/typescript-5.3.3.tgz",
            "integrity": "sha512-pXWcraxM0uxAS+tN0AG/BF2TyqmHO014Z070UsJ+pFvYuRSq8KH8DmWpnbXe0pEPDHXZV3FcAbJkijJ5oNEnWw==",
            "dev": true,
            "bin": {
                "tsc": "bin/tsc",
                "tsserver": "bin/tsserver"
            },
            "engines": {
                "node": ">=14.17"
            }
        },
        "node_modules/undici-types": {
            "version": "5.26.5",
            "resolved": "https://registry.npmjs.org/undici-types/-/undici-types-5.26.5.tgz",
            "integrity": "sha512-JlCMO+ehdEIKqlFxk6IfVoAUVmgz7cU7zD/h9XZ0qzeosSHmUJVOzSQvvYSYWXkFXC+IfLKSIffhv0sVZup6pA==",
            "dev": true
        },
        "node_modules/uuid": {
            "version": "9.0.1",
            "resolved": "https://registry.npmjs.org/uuid/-/uuid-9.0.1.tgz",
            "integrity": "sha512-b+1eJOlsR9K8HJpow9Ok3fiWOWSIcIzXodvv0rQjVoOVNpWMpxf1wZNpt4y9h10odCNrqnYp1OBzRktckBe3sA==",
            "funding": [
                "https://github.com/sponsors/broofa",
                "https://github.com/sponsors/ctavan"
            ],
            "bin": {
                "uuid": "dist/bin/uuid"
            }
        }
    }
}
